{
  "name": "goit-js-hw-08",
  "version": "1.0.0",
  "lockfileVersion": 2,
  "requires": true,
  "packages": {
    "": {
      "version": "1.0.0",
      "license": "ISC",
      "dependencies": {
        "lodash.throttle": "^4.1.1",
        "simplelightbox": "^2.10.1"
      }
    },
    "node_modules/lodash.throttle": {
      "version": "4.1.1",
      "resolved": "https://registry.npmjs.org/lodash.throttle/-/lodash.throttle-4.1.1.tgz",
      "integrity": "sha1-wj6RtxAkKscMN/HhzaknTMOb8vQ="
    },
    "node_modules/simplelightbox": {
      "version": "2.10.1",
      "resolved": "https://registry.npmjs.org/simplelightbox/-/simplelightbox-2.10.1.tgz",
      "integrity": "sha512-1NMFYrrC7sd/4uOlRVmqvKRsyab1Z+ak53PLWH+UOLBWL/UL4TFezfOcEZ3e+SSmFgBi7A2cA9MCYp1SdL/cJQ=="
    }
  },
  "dependencies": {
    "lodash.throttle": {
      "version": "4.1.1",
      "resolved": "https://registry.npmjs.org/lodash.throttle/-/lodash.throttle-4.1.1.tgz",
      "integrity": "sha1-wj6RtxAkKscMN/HhzaknTMOb8vQ="
    },
    "simplelightbox": {
      "version": "2.10.1",
      "resolved": "https://registry.npmjs.org/simplelightbox/-/simplelightbox-2.10.1.tgz",
      "integrity": "sha512-1NMFYrrC7sd/4uOlRVmqvKRsyab1Z+ak53PLWH+UOLBWL/UL4TFezfOcEZ3e+SSmFgBi7A2cA9MCYp1SdL/cJQ=="
    }
  }
}
